version: 1
generated_at: 2026-06-11T15:40:36Z
internal: []
trusted:
  - action: actions/checkout
    refs:
      - 34e114876b0b11c390a56381ad16ebd13914f8d5
    occurrences:
      34e114876b0b11c390a56381ad16ebd13914f8d5:
        .github/workflows/changelog.yml:
          - jobs.release.steps.[0].uses
        .github/workflows/release.yml:
          - jobs.release.steps.[0].uses
        .github/workflows/test.yml:
          - jobs.rubocop.steps.[0].uses
          - jobs.coverage.steps.[0].uses
          - jobs.test.steps.[0].uses
external:
  - action: ruby/setup-ruby
    refs:
      - afeafc3d1ab54a631816aba4c914a0081c12ff2f
    occurrences:
      afeafc3d1ab54a631816aba4c914a0081c12ff2f:
        .github/workflows/release.yml:
          - jobs.release.steps.[1].uses
        .github/workflows/test.yml:
          - jobs.rubocop.steps.[1].uses
          - jobs.coverage.steps.[1].uses
          - jobs.test.steps.[1].uses
  - action: softprops/action-gh-release
    refs:
      - de2c0eb89ae2a093876385947365aca7b0e5f844
    occurrences:
      de2c0eb89ae2a093876385947365aca7b0e5f844:
        .github/workflows/changelog.yml:
          - jobs.release.steps.[1].uses
local: []
docker: []
dynamic: []
